
Microsoft Visual Studio Solution File, Format Version 12.00
# Visual Studio Version 17
VisualStudioVersion = 17.2.32505.173
MinimumVisualStudioVersion = 10.0.40219.1
Project("{FAE04EC0-301F-11D3-BF4B-00C04F79EFBC}") = "CricketTeamManager", "CricketTeamManager.csproj", "{68CFD090-F63E-4A1F-8739-D783816F59CC}"
EndProject
Global
	GlobalSection(SolutionConfigurationPlatforms) = preSolution
		Debug|Any CPU = Debug|Any CPU
		Release|Any CPU = Release|Any CPU
	EndGlobalSection
	GlobalSection(ProjectConfigurationPlatforms) = postSolution
		{68CFD090-F63E-4A1F-8739-D783816F59CC}.Debug|Any CPU.ActiveCfg = Debug|Any CPU
		{68CFD090-F63E-4A1F-8739-D783816F59CC}.Debug|Any CPU.Build.0 = Debug|Any CPU
		{68CFD090-F63E-4A1F-8739-D783816F59CC}.Release|Any CPU.ActiveCfg = Release|Any CPU
		{68CFD090-F63E-4A1F-8739-D783816F59CC}.Release|Any CPU.Build.0 = Release|Any CPU
	EndGlobalSection
	GlobalSection(SolutionProperties) = preSolution
		HideSolutionNode = FALSE
	EndGlobalSection
	GlobalSection(ExtensibilityGlobals) = postSolution
		SolutionGuid = {108C398F-7CAD-4438-A2CC-055B7B82F888}
	EndGlobalSection
EndGlobal
