
Microsoft Visual Studio Solution File, Format Version 12.00
# Visual Studio Version 17
VisualStudioVersion = 17.12.35527.113 d17.12
MinimumVisualStudioVersion = 10.0.40219.1
Project("{FAE04EC0-301F-11D3-BF4B-00C04F79EFBC}") = "BlazorApp4", "BlazorApp4.csproj", "{BEAA69A9-626B-4E06-A7E4-82B7C57F797F}"
EndProject
Global
	GlobalSection(SolutionConfigurationPlatforms) = preSolution
		Debug|Any CPU = Debug|Any CPU
		Release|Any CPU = Release|Any CPU
	EndGlobalSection
	GlobalSection(ProjectConfigurationPlatforms) = postSolution
		{BEAA69A9-626B-4E06-A7E4-82B7C57F797F}.Debug|Any CPU.ActiveCfg = Debug|Any CPU
		{BEAA69A9-626B-4E06-A7E4-82B7C57F797F}.Debug|Any CPU.Build.0 = Debug|Any CPU
		{BEAA69A9-626B-4E06-A7E4-82B7C57F797F}.Release|Any CPU.ActiveCfg = Release|Any CPU
		{BEAA69A9-626B-4E06-A7E4-82B7C57F797F}.Release|Any CPU.Build.0 = Release|Any CPU
	EndGlobalSection
	GlobalSection(SolutionProperties) = preSolution
		HideSolutionNode = FALSE
	EndGlobalSection
EndGlobal
