
Microsoft Visual Studio Solution File, Format Version 12.00
# Visual Studio Version 17
VisualStudioVersion = 17.2.32505.173
MinimumVisualStudioVersion = 10.0.40219.1
Project("{FAE04EC0-301F-11D3-BF4B-00C04F79EFBC}") = "lab07_task_08", "lab07_task_08.csproj", "{4802D630-1F30-4BDD-A015-330973131475}"
EndProject
Global
	GlobalSection(SolutionConfigurationPlatforms) = preSolution
		Debug|Any CPU = Debug|Any CPU
		Release|Any CPU = Release|Any CPU
	EndGlobalSection
	GlobalSection(ProjectConfigurationPlatforms) = postSolution
		{4802D630-1F30-4BDD-A015-330973131475}.Debug|Any CPU.ActiveCfg = Debug|Any CPU
		{4802D630-1F30-4BDD-A015-330973131475}.Debug|Any CPU.Build.0 = Debug|Any CPU
		{4802D630-1F30-4BDD-A015-330973131475}.Release|Any CPU.ActiveCfg = Release|Any CPU
		{4802D630-1F30-4BDD-A015-330973131475}.Release|Any CPU.Build.0 = Release|Any CPU
	EndGlobalSection
	GlobalSection(SolutionProperties) = preSolution
		HideSolutionNode = FALSE
	EndGlobalSection
	GlobalSection(ExtensibilityGlobals) = postSolution
		SolutionGuid = {10B736A5-D152-4C5B-9BEB-63FB36AB93CA}
	EndGlobalSection
EndGlobal
