
Microsoft Visual Studio Solution File, Format Version 12.00
# Visual Studio Version 17
VisualStudioVersion = 17.2.32505.173
MinimumVisualStudioVersion = 10.0.40219.1
Project("{FAE04EC0-301F-11D3-BF4B-00C04F79EFBC}") = "WpfApp2", "WpfApp2.csproj", "{8F4BE012-1A62-46C7-B38B-67DA9A83AC52}"
EndProject
Global
	GlobalSection(SolutionConfigurationPlatforms) = preSolution
		Debug|Any CPU = Debug|Any CPU
		Release|Any CPU = Release|Any CPU
	EndGlobalSection
	GlobalSection(ProjectConfigurationPlatforms) = postSolution
		{8F4BE012-1A62-46C7-B38B-67DA9A83AC52}.Debug|Any CPU.ActiveCfg = Debug|Any CPU
		{8F4BE012-1A62-46C7-B38B-67DA9A83AC52}.Debug|Any CPU.Build.0 = Debug|Any CPU
		{8F4BE012-1A62-46C7-B38B-67DA9A83AC52}.Release|Any CPU.ActiveCfg = Release|Any CPU
		{8F4BE012-1A62-46C7-B38B-67DA9A83AC52}.Release|Any CPU.Build.0 = Release|Any CPU
	EndGlobalSection
	GlobalSection(SolutionProperties) = preSolution
		HideSolutionNode = FALSE
	EndGlobalSection
	GlobalSection(ExtensibilityGlobals) = postSolution
		SolutionGuid = {3072B0C1-A765-4958-ADCB-99B360188A85}
	EndGlobalSection
EndGlobal
