
Microsoft Visual Studio Solution File, Format Version 12.00
# Visual Studio Version 17
VisualStudioVersion = 17.2.32505.173
MinimumVisualStudioVersion = 10.0.40219.1
Project("{FAE04EC0-301F-11D3-BF4B-00C04F79EFBC}") = "lab06_task", "lab06_task.csproj", "{DC3BF352-B8CA-4C18-B10F-4812EDB6C1BE}"
EndProject
Global
	GlobalSection(SolutionConfigurationPlatforms) = preSolution
		Debug|Any CPU = Debug|Any CPU
		Release|Any CPU = Release|Any CPU
	EndGlobalSection
	GlobalSection(ProjectConfigurationPlatforms) = postSolution
		{DC3BF352-B8CA-4C18-B10F-4812EDB6C1BE}.Debug|Any CPU.ActiveCfg = Debug|Any CPU
		{DC3BF352-B8CA-4C18-B10F-4812EDB6C1BE}.Debug|Any CPU.Build.0 = Debug|Any CPU
		{DC3BF352-B8CA-4C18-B10F-4812EDB6C1BE}.Release|Any CPU.ActiveCfg = Release|Any CPU
		{DC3BF352-B8CA-4C18-B10F-4812EDB6C1BE}.Release|Any CPU.Build.0 = Release|Any CPU
	EndGlobalSection
	GlobalSection(SolutionProperties) = preSolution
		HideSolutionNode = FALSE
	EndGlobalSection
	GlobalSection(ExtensibilityGlobals) = postSolution
		SolutionGuid = {00C20344-9583-4013-A7DC-04C17A4B8B32}
	EndGlobalSection
EndGlobal
