
Microsoft Visual Studio Solution File, Format Version 12.00
# Visual Studio Version 17
VisualStudioVersion = 17.2.32505.173
MinimumVisualStudioVersion = 10.0.40219.1
Project("{FAE04EC0-301F-11D3-BF4B-00C04F79EFBC}") = "lab3", "lab3.csproj", "{507152AA-2D83-48E7-B42F-E27C44157511}"
EndProject
Global
	GlobalSection(SolutionConfigurationPlatforms) = preSolution
		Debug|Any CPU = Debug|Any CPU
		Release|Any CPU = Release|Any CPU
	EndGlobalSection
	GlobalSection(ProjectConfigurationPlatforms) = postSolution
		{507152AA-2D83-48E7-B42F-E27C44157511}.Debug|Any CPU.ActiveCfg = Debug|Any CPU
		{507152AA-2D83-48E7-B42F-E27C44157511}.Debug|Any CPU.Build.0 = Debug|Any CPU
		{507152AA-2D83-48E7-B42F-E27C44157511}.Release|Any CPU.ActiveCfg = Release|Any CPU
		{507152AA-2D83-48E7-B42F-E27C44157511}.Release|Any CPU.Build.0 = Release|Any CPU
	EndGlobalSection
	GlobalSection(SolutionProperties) = preSolution
		HideSolutionNode = FALSE
	EndGlobalSection
	GlobalSection(ExtensibilityGlobals) = postSolution
		SolutionGuid = {D278D1B0-E0B9-4CC6-8E08-023F88E376C6}
	EndGlobalSection
EndGlobal
